
Microsoft Visual Studio Solution File, Format Version 12.00
# Visual Studio Version 17
VisualStudioVersion = 17.7.34031.279
MinimumVisualStudioVersion = 10.0.40219.1
Project("{54A90642-561A-4BB1-A94E-469ADEE60C69}") = "client", "client\client.esproj", "{B08BA55E-E661-40C7-9EA3-310D2530E94E}"
EndProject
Global
	GlobalSection(SolutionConfigurationPlatforms) = preSolution
		Debug|Any CPU = Debug|Any CPU
		Release|Any CPU = Release|Any CPU
	EndGlobalSection
	GlobalSection(ProjectConfigurationPlatforms) = postSolution
		{B08BA55E-E661-40C7-9EA3-310D2530E94E}.Debug|Any CPU.ActiveCfg = Debug|Any CPU
		{B08BA55E-E661-40C7-9EA3-310D2530E94E}.Debug|Any CPU.Build.0 = Debug|Any CPU
		{B08BA55E-E661-40C7-9EA3-310D2530E94E}.Debug|Any CPU.Deploy.0 = Debug|Any CPU
		{B08BA55E-E661-40C7-9EA3-310D2530E94E}.Release|Any CPU.ActiveCfg = Release|Any CPU
		{B08BA55E-E661-40C7-9EA3-310D2530E94E}.Release|Any CPU.Build.0 = Release|Any CPU
		{B08BA55E-E661-40C7-9EA3-310D2530E94E}.Release|Any CPU.Deploy.0 = Release|Any CPU
	EndGlobalSection
	GlobalSection(SolutionProperties) = preSolution
		HideSolutionNode = FALSE
	EndGlobalSection
	GlobalSection(ExtensibilityGlobals) = postSolution
		SolutionGuid = {01385346-E09C-47AD-A010-1563F3FB040B}
	EndGlobalSection
EndGlobal
